
Microsoft Visual Studio Solution File, Format Version 12.00
# Visual Studio Version 17
VisualStudioVersion = 17.14.36429.23
MinimumVisualStudioVersion = 10.0.40219.1
Project("{FAE04EC0-301F-11D3-BF4B-00C04F79EFBC}") = "pokedex", "pokedex.csproj", "{3960E86E-C4ED-4C9B-865A-03FDD2360296}"
EndProject
Project("{FAE04EC0-301F-11D3-BF4B-00C04F79EFBC}") = "PokemonSecurity", "..\PokemonSecurity\PokemonSecurity.csproj", "{DCEDE4AF-12B8-4FF9-9B5B-0C450B2A0806}"
EndProject
Global
	GlobalSection(SolutionConfigurationPlatforms) = preSolution
		Debug|Any CPU = Debug|Any CPU
		Release|Any CPU = Release|Any CPU
	EndGlobalSection
	GlobalSection(ProjectConfigurationPlatforms) = postSolution
		{3960E86E-C4ED-4C9B-865A-03FDD2360296}.Debug|Any CPU.ActiveCfg = Debug|Any CPU
		{3960E86E-C4ED-4C9B-865A-03FDD2360296}.Debug|Any CPU.Build.0 = Debug|Any CPU
		{3960E86E-C4ED-4C9B-865A-03FDD2360296}.Release|Any CPU.ActiveCfg = Release|Any CPU
		{3960E86E-C4ED-4C9B-865A-03FDD2360296}.Release|Any CPU.Build.0 = Release|Any CPU
		{DCEDE4AF-12B8-4FF9-9B5B-0C450B2A0806}.Debug|Any CPU.ActiveCfg = Debug|Any CPU
		{DCEDE4AF-12B8-4FF9-9B5B-0C450B2A0806}.Debug|Any CPU.Build.0 = Debug|Any CPU
		{DCEDE4AF-12B8-4FF9-9B5B-0C450B2A0806}.Release|Any CPU.ActiveCfg = Release|Any CPU
		{DCEDE4AF-12B8-4FF9-9B5B-0C450B2A0806}.Release|Any CPU.Build.0 = Release|Any CPU
	EndGlobalSection
	GlobalSection(SolutionProperties) = preSolution
		HideSolutionNode = FALSE
	EndGlobalSection
	GlobalSection(ExtensibilityGlobals) = postSolution
		SolutionGuid = {635323B1-47EE-4EFF-B14B-3E2C89D8E6A5}
	EndGlobalSection
EndGlobal
